// !$*UTF8*$!
{
	archiveVersion = 1;
	classes = {
	};
	objectVersion = 56;
	objects = {

/* Begin PBXBuildFile section */
		90CEA1F32C12A7E300705850 /* BurgerKimApp.swift in Sources */ = {isa = PBXBuildFile; fileRef = 90CEA1F22C12A7E300705850 /* BurgerKimApp.swift */; };
		90CEA1F52C12A7E300705850 /* ContentView.swift in Sources */ = {isa = PBXBuildFile; fileRef = 90CEA1F42C12A7E300705850 /* ContentView.swift */; };
		90CEA1F72C12A7E500705850 /* Assets.xcassets in Resources */ = {isa = PBXBuildFile; fileRef = 90CEA1F62C12A7E500705850 /* Assets.xcassets */; };
		90CEA1FA2C12A7E500705850 /* Preview Assets.xcassets in Resources */ = {isa = PBXBuildFile; fileRef = 90CEA1F92C12A7E500705850 /* Preview Assets.xcassets */; };
		90CEA2032C12AD1700705850 /* Item.swift in Sources */ = {isa = PBXBuildFile; fileRef = 90CEA2022C12AD1700705850 /* Item.swift */; };
		90CEA2052C12AD2F00705850 /* ItemType.swift in Sources */ = {isa = PBXBuildFile; fileRef = 90CEA2042C12AD2F00705850 /* ItemType.swift */; };
		90CEA2072C12BB9500705850 /* ItemsView.swift in Sources */ = {isa = PBXBuildFile; fileRef = 90CEA2062C12BB9500705850 /* ItemsView.swift */; };
		90CEA2092C12BC1600705850 /* StoresView.swift in Sources */ = {isa = PBXBuildFile; fileRef = 90CEA2082C12BC1600705850 /* StoresView.swift */; };
		90CEA20B2C12BCD000705850 /* ItemView.swift in Sources */ = {isa = PBXBuildFile; fileRef = 90CEA20A2C12BCD000705850 /* ItemView.swift */; };
		90CEA20F2C12C24900705850 /* CartView.swift in Sources */ = {isa = PBXBuildFile; fileRef = 90CEA20E2C12C24900705850 /* CartView.swift */; };
		90CEA2112C12C46D00705850 /* Cart.swift in Sources */ = {isa = PBXBuildFile; fileRef = 90CEA2102C12C46D00705850 /* Cart.swift */; };
		90CEA2132C1663AA00705850 /* ComboType.swift in Sources */ = {isa = PBXBuildFile; fileRef = 90CEA2122C1663AA00705850 /* ComboType.swift */; };
		90CEA2152C16648100705850 /* ComboSelectionView.swift in Sources */ = {isa = PBXBuildFile; fileRef = 90CEA2142C16648100705850 /* ComboSelectionView.swift */; };
		90CEA2182C16654A00705850 /* ItemsViewModel.swift in Sources */ = {isa = PBXBuildFile; fileRef = 90CEA2172C16654A00705850 /* ItemsViewModel.swift */; };
		90CEA21A2C16691C00705850 /* ComboSelectionItemView.swift in Sources */ = {isa = PBXBuildFile; fileRef = 90CEA2192C16691C00705850 /* ComboSelectionItemView.swift */; };
		90CEA21C2C16720000705850 /* CartItemView.swift in Sources */ = {isa = PBXBuildFile; fileRef = 90CEA21B2C16720000705850 /* CartItemView.swift */; };
		90CEA21E2C1676D600705850 /* CheckOutView.swift in Sources */ = {isa = PBXBuildFile; fileRef = 90CEA21D2C1676D600705850 /* CheckOutView.swift */; };
		90CEA2202C167A1F00705850 /* PaymentOption.swift in Sources */ = {isa = PBXBuildFile; fileRef = 90CEA21F2C167A1F00705850 /* PaymentOption.swift */; };
		90CEA2222C167E8B00705850 /* MissingView.swift in Sources */ = {isa = PBXBuildFile; fileRef = 90CEA2212C167E8B00705850 /* MissingView.swift */; };
		90CEA2242C16968E00705850 /* SuccessView.swift in Sources */ = {isa = PBXBuildFile; fileRef = 90CEA2232C16968E00705850 /* SuccessView.swift */; };
/* End PBXBuildFile section */

/* Begin PBXFileReference section */
		90CEA1EF2C12A7E300705850 /* BurgerKim.app */ = {isa = PBXFileReference; explicitFileType = wrapper.application; includeInIndex = 0; path = BurgerKim.app; sourceTree = BUILT_PRODUCTS_DIR; };
		90CEA1F22C12A7E300705850 /* BurgerKimApp.swift */ = {isa = PBXFileReference; lastKnownFileType = sourcecode.swift; path = BurgerKimApp.swift; sourceTree = "<group>"; };
		90CEA1F42C12A7E300705850 /* ContentView.swift */ = {isa = PBXFileReference; lastKnownFileType = sourcecode.swift; path = ContentView.swift; sourceTree = "<group>"; };
		90CEA1F62C12A7E500705850 /* Assets.xcassets */ = {isa = PBXFileReference; lastKnownFileType = folder.assetcatalog; path = Assets.xcassets; sourceTree = "<group>"; };
		90CEA1F92C12A7E500705850 /* Preview Assets.xcassets */ = {isa = PBXFileReference; lastKnownFileType = folder.assetcatalog; path = "Preview Assets.xcassets"; sourceTree = "<group>"; };
		90CEA2022C12AD1700705850 /* Item.swift */ = {isa = PBXFileReference; lastKnownFileType = sourcecode.swift; path = Item.swift; sourceTree = "<group>"; };
		90CEA2042C12AD2F00705850 /* ItemType.swift */ = {isa = PBXFileReference; lastKnownFileType = sourcecode.swift; path = ItemType.swift; sourceTree = "<group>"; };
		90CEA2062C12BB9500705850 /* ItemsView.swift */ = {isa = PBXFileReference; lastKnownFileType = sourcecode.swift; path = ItemsView.swift; sourceTree = "<group>"; };
		90CEA2082C12BC1600705850 /* StoresView.swift */ = {isa = PBXFileReference; lastKnownFileType = sourcecode.swift; path = StoresView.swift; sourceTree = "<group>"; };
		90CEA20A2C12BCD000705850 /* ItemView.swift */ = {isa = PBXFileReference; lastKnownFileType = sourcecode.swift; path = ItemView.swift; sourceTree = "<group>"; };
		90CEA20E2C12C24900705850 /* CartView.swift */ = {isa = PBXFileReference; lastKnownFileType = sourcecode.swift; path = CartView.swift; sourceTree = "<group>"; };
		90CEA2102C12C46D00705850 /* Cart.swift */ = {isa = PBXFileReference; lastKnownFileType = sourcecode.swift; path = Cart.swift; sourceTree = "<group>"; };
		90CEA2122C1663AA00705850 /* ComboType.swift */ = {isa = PBXFileReference; lastKnownFileType = sourcecode.swift; path = ComboType.swift; sourceTree = "<group>"; };
		90CEA2142C16648100705850 /* ComboSelectionView.swift */ = {isa = PBXFileReference; lastKnownFileType = sourcecode.swift; path = ComboSelectionView.swift; sourceTree = "<group>"; };
		90CEA2172C16654A00705850 /* ItemsViewModel.swift */ = {isa = PBXFileReference; lastKnownFileType = sourcecode.swift; path = ItemsViewModel.swift; sourceTree = "<group>"; };
		90CEA2192C16691C00705850 /* ComboSelectionItemView.swift */ = {isa = PBXFileReference; lastKnownFileType = sourcecode.swift; path = ComboSelectionItemView.swift; sourceTree = "<group>"; };
		90CEA21B2C16720000705850 /* CartItemView.swift */ = {isa = PBXFileReference; lastKnownFileType = sourcecode.swift; path = CartItemView.swift; sourceTree = "<group>"; };
		90CEA21D2C1676D600705850 /* CheckOutView.swift */ = {isa = PBXFileReference; lastKnownFileType = sourcecode.swift; path = CheckOutView.swift; sourceTree = "<group>"; };
		90CEA21F2C167A1F00705850 /* PaymentOption.swift */ = {isa = PBXFileReference; lastKnownFileType = sourcecode.swift; path = PaymentOption.swift; sourceTree = "<group>"; };
		90CEA2212C167E8B00705850 /* MissingView.swift */ = {isa = PBXFileReference; lastKnownFileType = sourcecode.swift; path = MissingView.swift; sourceTree = "<group>"; };
		90CEA2232C16968E00705850 /* SuccessView.swift */ = {isa = PBXFileReference; lastKnownFileType = sourcecode.swift; path = SuccessView.swift; sourceTree = "<group>"; };
/* End PBXFileReference section */

/* Begin PBXFrameworksBuildPhase section */
		90CEA1EC2C12A7E300705850 /* Frameworks */ = {
			isa = PBXFrameworksBuildPhase;
			buildActionMask = 2147483647;
			files = (
			);
			runOnlyForDeploymentPostprocessing = 0;
		};
/* End PBXFrameworksBuildPhase section */

/* Begin PBXGroup section */
		90CEA1E62C12A7E300705850 = {
			isa = PBXGroup;
			children = (
				90CEA1F12C12A7E300705850 /* BurgerKim */,
				90CEA1F02C12A7E300705850 /* Products */,
			);
			sourceTree = "<group>";
		};
		90CEA1F02C12A7E300705850 /* Products */ = {
			isa = PBXGroup;
			children = (
				90CEA1EF2C12A7E300705850 /* BurgerKim.app */,
			);
			name = Products;
			sourceTree = "<group>";
		};
		90CEA1F12C12A7E300705850 /* BurgerKim */ = {
			isa = PBXGroup;
			children = (
				90CEA2162C16653F00705850 /* ViewModels */,
				90CEA2012C12ACE300705850 /* Models */,
				90CEA2002C12AC8A00705850 /* Views */,
				90CEA1F22C12A7E300705850 /* BurgerKimApp.swift */,
				90CEA1F62C12A7E500705850 /* Assets.xcassets */,
				90CEA1F82C12A7E500705850 /* Preview Content */,
			);
			path = BurgerKim;
			sourceTree = "<group>";
		};
		90CEA1F82C12A7E500705850 /* Preview Content */ = {
			isa = PBXGroup;
			children = (
				90CEA1F92C12A7E500705850 /* Preview Assets.xcassets */,
			);
			path = "Preview Content";
			sourceTree = "<group>";
		};
		90CEA2002C12AC8A00705850 /* Views */ = {
			isa = PBXGroup;
			children = (
				90CEA1F42C12A7E300705850 /* ContentView.swift */,
				90CEA2062C12BB9500705850 /* ItemsView.swift */,
				90CEA2082C12BC1600705850 /* StoresView.swift */,
				90CEA20A2C12BCD000705850 /* ItemView.swift */,
				90CEA2142C16648100705850 /* ComboSelectionView.swift */,
				90CEA2192C16691C00705850 /* ComboSelectionItemView.swift */,
				90CEA20E2C12C24900705850 /* CartView.swift */,
				90CEA21B2C16720000705850 /* CartItemView.swift */,
				90CEA21D2C1676D600705850 /* CheckOutView.swift */,
				90CEA2212C167E8B00705850 /* MissingView.swift */,
				90CEA2232C16968E00705850 /* SuccessView.swift */,
			);
			path = Views;
			sourceTree = "<group>";
		};
		90CEA2012C12ACE300705850 /* Models */ = {
			isa = PBXGroup;
			children = (
				90CEA2022C12AD1700705850 /* Item.swift */,
				90CEA2042C12AD2F00705850 /* ItemType.swift */,
				90CEA2102C12C46D00705850 /* Cart.swift */,
				90CEA2122C1663AA00705850 /* ComboType.swift */,
				90CEA21F2C167A1F00705850 /* PaymentOption.swift */,
			);
			path = Models;
			sourceTree = "<group>";
		};
		90CEA2162C16653F00705850 /* ViewModels */ = {
			isa = PBXGroup;
			children = (
				90CEA2172C16654A00705850 /* ItemsViewModel.swift */,
			);
			path = ViewModels;
			sourceTree = "<group>";
		};
/* End PBXGroup section */

/* Begin PBXNativeTarget section */
		90CEA1EE2C12A7E300705850 /* BurgerKim */ = {
			isa = PBXNativeTarget;
			buildConfigurationList = 90CEA1FD2C12A7E500705850 /* Build configuration list for PBXNativeTarget "BurgerKim" */;
			buildPhases = (
				90CEA1EB2C12A7E300705850 /* Sources */,
				90CEA1EC2C12A7E300705850 /* Frameworks */,
				90CEA1ED2C12A7E300705850 /* Resources */,
			);
			buildRules = (
			);
			dependencies = (
			);
			name = BurgerKim;
			productName = BurgerKim;
			productReference = 90CEA1EF2C12A7E300705850 /* BurgerKim.app */;
			productType = "com.apple.product-type.application";
		};
/* End PBXNativeTarget section */

/* Begin PBXProject section */
		90CEA1E72C12A7E300705850 /* Project object */ = {
			isa = PBXProject;
			attributes = {
				BuildIndependentTargetsInParallel = 1;
				LastSwiftUpdateCheck = 1540;
				LastUpgradeCheck = 1540;
				TargetAttributes = {
					90CEA1EE2C12A7E300705850 = {
						CreatedOnToolsVersion = 15.4;
					};
				};
			};
			buildConfigurationList = 90CEA1EA2C12A7E300705850 /* Build configuration list for PBXProject "BurgerKim" */;
			compatibilityVersion = "Xcode 14.0";
			developmentRegion = en;
			hasScannedForEncodings = 0;
			knownRegions = (
				en,
				Base,
			);
			mainGroup = 90CEA1E62C12A7E300705850;
			productRefGroup = 90CEA1F02C12A7E300705850 /* Products */;
			projectDirPath = "";
			projectRoot = "";
			targets = (
				90CEA1EE2C12A7E300705850 /* BurgerKim */,
			);
		};
/* End PBXProject section */

/* Begin PBXResourcesBuildPhase section */
		90CEA1ED2C12A7E300705850 /* Resources */ = {
			isa = PBXResourcesBuildPhase;
			buildActionMask = 2147483647;
			files = (
				90CEA1FA2C12A7E500705850 /* Preview Assets.xcassets in Resources */,
				90CEA1F72C12A7E500705850 /* Assets.xcassets in Resources */,
			);
			runOnlyForDeploymentPostprocessing = 0;
		};
/* End PBXResourcesBuildPhase section */

/* Begin PBXSourcesBuildPhase section */
		90CEA1EB2C12A7E300705850 /* Sources */ = {
			isa = PBXSourcesBuildPhase;
			buildActionMask = 2147483647;
			files = (
				90CEA21A2C16691C00705850 /* ComboSelectionItemView.swift in Sources */,
				90CEA21E2C1676D600705850 /* CheckOutView.swift in Sources */,
				90CEA2152C16648100705850 /* ComboSelectionView.swift in Sources */,
				90CEA2222C167E8B00705850 /* MissingView.swift in Sources */,
				90CEA2242C16968E00705850 /* SuccessView.swift in Sources */,
				90CEA20F2C12C24900705850 /* CartView.swift in Sources */,
				90CEA2112C12C46D00705850 /* Cart.swift in Sources */,
				90CEA2202C167A1F00705850 /* PaymentOption.swift in Sources */,
				90CEA2092C12BC1600705850 /* StoresView.swift in Sources */,
				90CEA1F52C12A7E300705850 /* ContentView.swift in Sources */,
				90CEA2182C16654A00705850 /* ItemsViewModel.swift in Sources */,
				90CEA2132C1663AA00705850 /* ComboType.swift in Sources */,
				90CEA2032C12AD1700705850 /* Item.swift in Sources */,
				90CEA2072C12BB9500705850 /* ItemsView.swift in Sources */,
				90CEA20B2C12BCD000705850 /* ItemView.swift in Sources */,
				90CEA21C2C16720000705850 /* CartItemView.swift in Sources */,
				90CEA2052C12AD2F00705850 /* ItemType.swift in Sources */,
				90CEA1F32C12A7E300705850 /* BurgerKimApp.swift in Sources */,
			);
			runOnlyForDeploymentPostprocessing = 0;
		};
/* End PBXSourcesBuildPhase section */

/* Begin XCBuildConfiguration section */
		90CEA1FB2C12A7E500705850 /* Debug */ = {
			isa = XCBuildConfiguration;
			buildSettings = {
				ALWAYS_SEARCH_USER_PATHS = NO;
				ASSETCATALOG_COMPILER_GENERATE_SWIFT_ASSET_SYMBOL_EXTENSIONS = YES;
				CLANG_ANALYZER_NONNULL = YES;
				CLANG_ANALYZER_NUMBER_OBJECT_CONVERSION = YES_AGGRESSIVE;
				CLANG_CXX_LANGUAGE_STANDARD = "gnu++20";
				CLANG_ENABLE_MODULES = YES;
				CLANG_ENABLE_OBJC_ARC = YES;
				CLANG_ENABLE_OBJC_WEAK = YES;
				CLANG_WARN_BLOCK_CAPTURE_AUTORELEASING = YES;
				CLANG_WARN_BOOL_CONVERSION = YES;
				CLANG_WARN_COMMA = YES;
				CLANG_WARN_CONSTANT_CONVERSION = YES;
				CLANG_WARN_DEPRECATED_OBJC_IMPLEMENTATIONS = YES;
				CLANG_WARN_DIRECT_OBJC_ISA_USAGE = YES_ERROR;
				CLANG_WARN_DOCUMENTATION_COMMENTS = YES;
				CLANG_WARN_EMPTY_BODY = YES;
				CLANG_WARN_ENUM_CONVERSION = YES;
				CLANG_WARN_INFINITE_RECURSION = YES;
				CLANG_WARN_INT_CONVERSION = YES;
				CLANG_WARN_NON_LITERAL_NULL_CONVERSION = YES;
				CLANG_WARN_OBJC_IMPLICIT_RETAIN_SELF = YES;
				CLANG_WARN_OBJC_LITERAL_CONVERSION = YES;
				CLANG_WARN_OBJC_ROOT_CLASS = YES_ERROR;
				CLANG_WARN_QUOTED_INCLUDE_IN_FRAMEWORK_HEADER = YES;
				CLANG_WARN_RANGE_LOOP_ANALYSIS = YES;
				CLANG_WARN_STRICT_PROTOTYPES = YES;
				CLANG_WARN_SUSPICIOUS_MOVE = YES;
				CLANG_WARN_UNGUARDED_AVAILABILITY = YES_AGGRESSIVE;
				CLANG_WARN_UNREACHABLE_CODE = YES;
				CLANG_WARN__DUPLICATE_METHOD_MATCH = YES;
				COPY_PHASE_STRIP = NO;
				DEBUG_INFORMATION_FORMAT = dwarf;
				ENABLE_STRICT_OBJC_MSGSEND = YES;
				ENABLE_TESTABILITY = YES;
				ENABLE_USER_SCRIPT_SANDBOXING = YES;
				GCC_C_LANGUAGE_STANDARD = gnu17;
				GCC_DYNAMIC_NO_PIC = NO;
				GCC_NO_COMMON_BLOCKS = YES;
				GCC_OPTIMIZATION_LEVEL = 0;
				GCC_PREPROCESSOR_DEFINITIONS = (
					"DEBUG=1",
					"$(inherited)",
				);
				GCC_WARN_64_TO_32_BIT_CONVERSION = YES;
				GCC_WARN_ABOUT_RETURN_TYPE = YES_ERROR;
				GCC_WARN_UNDECLARED_SELECTOR = YES;
				GCC_WARN_UNINITIALIZED_AUTOS = YES_AGGRESSIVE;
				GCC_WARN_UNUSED_FUNCTION = YES;
				GCC_WARN_UNUSED_VARIABLE = YES;
				IPHONEOS_DEPLOYMENT_TARGET = 17.5;
				LOCALIZATION_PREFERS_STRING_CATALOGS = YES;
				MTL_ENABLE_DEBUG_INFO = INCLUDE_SOURCE;
				MTL_FAST_MATH = YES;
				ONLY_ACTIVE_ARCH = YES;
				SDKROOT = iphoneos;
				SWIFT_ACTIVE_COMPILATION_CONDITIONS = "DEBUG $(inherited)";
				SWIFT_OPTIMIZATION_LEVEL = "-Onone";
			};
			name = Debug;
		};
		90CEA1FC2C12A7E500705850 /* Release */ = {
			isa = XCBuildConfiguration;
			buildSettings = {
				ALWAYS_SEARCH_USER_PATHS = NO;
				ASSETCATALOG_COMPILER_GENERATE_SWIFT_ASSET_SYMBOL_EXTENSIONS = YES;
				CLANG_ANALYZER_NONNULL = YES;
				CLANG_ANALYZER_NUMBER_OBJECT_CONVERSION = YES_AGGRESSIVE;
				CLANG_CXX_LANGUAGE_STANDARD = "gnu++20";
				CLANG_ENABLE_MODULES = YES;
				CLANG_ENABLE_OBJC_ARC = YES;
				CLANG_ENABLE_OBJC_WEAK = YES;
				CLANG_WARN_BLOCK_CAPTURE_AUTORELEASING = YES;
				CLANG_WARN_BOOL_CONVERSION = YES;
				CLANG_WARN_COMMA = YES;
				CLANG_WARN_CONSTANT_CONVERSION = YES;
				CLANG_WARN_DEPRECATED_OBJC_IMPLEMENTATIONS = YES;
				CLANG_WARN_DIRECT_OBJC_ISA_USAGE = YES_ERROR;
				CLANG_WARN_DOCUMENTATION_COMMENTS = YES;
				CLANG_WARN_EMPTY_BODY = YES;
				CLANG_WARN_ENUM_CONVERSION = YES;
				CLANG_WARN_INFINITE_RECURSION = YES;
				CLANG_WARN_INT_CONVERSION = YES;
				CLANG_WARN_NON_LITERAL_NULL_CONVERSION = YES;
				CLANG_WARN_OBJC_IMPLICIT_RETAIN_SELF = YES;
				CLANG_WARN_OBJC_LITERAL_CONVERSION = YES;
				CLANG_WARN_OBJC_ROOT_CLASS = YES_ERROR;
				CLANG_WARN_QUOTED_INCLUDE_IN_FRAMEWORK_HEADER = YES;
				CLANG_WARN_RANGE_LOOP_ANALYSIS = YES;
				CLANG_WARN_STRICT_PROTOTYPES = YES;
				CLANG_WARN_SUSPICIOUS_MOVE = YES;
				CLANG_WARN_UNGUARDED_AVAILABILITY = YES_AGGRESSIVE;
				CLANG_WARN_UNREACHABLE_CODE = YES;
				CLANG_WARN__DUPLICATE_METHOD_MATCH = YES;
				COPY_PHASE_STRIP = NO;
				DEBUG_INFORMATION_FORMAT = "dwarf-with-dsym";
				ENABLE_NS_ASSERTIONS = NO;
				ENABLE_STRICT_OBJC_MSGSEND = YES;
				ENABLE_USER_SCRIPT_SANDBOXING = YES;
				GCC_C_LANGUAGE_STANDARD = gnu17;
				GCC_NO_COMMON_BLOCKS = YES;
				GCC_WARN_64_TO_32_BIT_CONVERSION = YES;
				GCC_WARN_ABOUT_RETURN_TYPE = YES_ERROR;
				GCC_WARN_UNDECLARED_SELECTOR = YES;
				GCC_WARN_UNINITIALIZED_AUTOS = YES_AGGRESSIVE;
				GCC_WARN_UNUSED_FUNCTION = YES;
				GCC_WARN_UNUSED_VARIABLE = YES;
				IPHONEOS_DEPLOYMENT_TARGET = 17.5;
				LOCALIZATION_PREFERS_STRING_CATALOGS = YES;
				MTL_ENABLE_DEBUG_INFO = NO;
				MTL_FAST_MATH = YES;
				SDKROOT = iphoneos;
				SWIFT_COMPILATION_MODE = wholemodule;
				VALIDATE_PRODUCT = YES;
			};
			name = Release;
		};
		90CEA1FE2C12A7E500705850 /* Debug */ = {
			isa = XCBuildConfiguration;
			buildSettings = {
				ASSETCATALOG_COMPILER_APPICON_NAME = AppIcon;
				ASSETCATALOG_COMPILER_GLOBAL_ACCENT_COLOR_NAME = AccentColor;
				CODE_SIGN_STYLE = Automatic;
				CURRENT_PROJECT_VERSION = 1;
				DEVELOPMENT_ASSET_PATHS = "\"BurgerKim/Preview Content\"";
				DEVELOPMENT_TEAM = 862P2X6G9G;
				ENABLE_PREVIEWS = YES;
				GENERATE_INFOPLIST_FILE = YES;
				INFOPLIST_KEY_CFBundleDisplayName = "Burger Kim";
				INFOPLIST_KEY_LSApplicationCategoryType = "public.app-category.food-and-drink";
				INFOPLIST_KEY_UIApplicationSceneManifest_Generation = YES;
				INFOPLIST_KEY_UIApplicationSupportsIndirectInputEvents = YES;
				INFOPLIST_KEY_UILaunchScreen_Generation = YES;
				INFOPLIST_KEY_UISupportedInterfaceOrientations_iPad = "UIInterfaceOrientationPortrait UIInterfaceOrientationPortraitUpsideDown UIInterfaceOrientationLandscapeLeft UIInterfaceOrientationLandscapeRight";
				INFOPLIST_KEY_UISupportedInterfaceOrientations_iPhone = "UIInterfaceOrientationPortrait UIInterfaceOrientationLandscapeLeft UIInterfaceOrientationLandscapeRight";
				LD_RUNPATH_SEARCH_PATHS = (
					"$(inherited)",
					"@executable_path/Frameworks",
				);
				MARKETING_VERSION = 1.0;
				PRODUCT_BUNDLE_IDENTIFIER = me.jinwook.kim.BurgerKim;
				PRODUCT_NAME = "$(TARGET_NAME)";
				SWIFT_EMIT_LOC_STRINGS = YES;
				SWIFT_VERSION = 5.0;
				TARGETED_DEVICE_FAMILY = "1,2";
			};
			name = Debug;
		};
		90CEA1FF2C12A7E500705850 /* Release */ = {
			isa = XCBuildConfiguration;
			buildSettings = {
				ASSETCATALOG_COMPILER_APPICON_NAME = AppIcon;
				ASSETCATALOG_COMPILER_GLOBAL_ACCENT_COLOR_NAME = AccentColor;
				CODE_SIGN_STYLE = Automatic;
				CURRENT_PROJECT_VERSION = 1;
				DEVELOPMENT_ASSET_PATHS = "\"BurgerKim/Preview Content\"";
				DEVELOPMENT_TEAM = 862P2X6G9G;
				ENABLE_PREVIEWS = YES;
				GENERATE_INFOPLIST_FILE = YES;
				INFOPLIST_KEY_CFBundleDisplayName = "Burger Kim";
				INFOPLIST_KEY_LSApplicationCategoryType = "public.app-category.food-and-drink";
				INFOPLIST_KEY_UIApplicationSceneManifest_Generation = YES;
				INFOPLIST_KEY_UIApplicationSupportsIndirectInputEvents = YES;
				INFOPLIST_KEY_UILaunchScreen_Generation = YES;
				INFOPLIST_KEY_UISupportedInterfaceOrientations_iPad = "UIInterfaceOrientationPortrait UIInterfaceOrientationPortraitUpsideDown UIInterfaceOrientationLandscapeLeft UIInterfaceOrientationLandscapeRight";
				INFOPLIST_KEY_UISupportedInterfaceOrientations_iPhone = "UIInterfaceOrientationPortrait UIInterfaceOrientationLandscapeLeft UIInterfaceOrientationLandscapeRight";
				LD_RUNPATH_SEARCH_PATHS = (
					"$(inherited)",
					"@executable_path/Frameworks",
				);
				MARKETING_VERSION = 1.0;
				PRODUCT_BUNDLE_IDENTIFIER = me.jinwook.kim.BurgerKim;
				PRODUCT_NAME = "$(TARGET_NAME)";
				SWIFT_EMIT_LOC_STRINGS = YES;
				SWIFT_VERSION = 5.0;
				TARGETED_DEVICE_FAMILY = "1,2";
			};
			name = Release;
		};
/* End XCBuildConfiguration section */

/* Begin XCConfigurationList section */
		90CEA1EA2C12A7E300705850 /* Build configuration list for PBXProject "BurgerKim" */ = {
			isa = XCConfigurationList;
			buildConfigurations = (
				90CEA1FB2C12A7E500705850 /* Debug */,
				90CEA1FC2C12A7E500705850 /* Release */,
			);
			defaultConfigurationIsVisible = 0;
			defaultConfigurationName = Release;
		};
		90CEA1FD2C12A7E500705850 /* Build configuration list for PBXNativeTarget "BurgerKim" */ = {
			isa = XCConfigurationList;
			buildConfigurations = (
				90CEA1FE2C12A7E500705850 /* Debug */,
				90CEA1FF2C12A7E500705850 /* Release */,
			);
			defaultConfigurationIsVisible = 0;
			defaultConfigurationName = Release;
		};
/* End XCConfigurationList section */
	};
	rootObject = 90CEA1E72C12A7E300705850 /* Project object */;
}
